// !$*UTF8*$!
{
	archiveVersion = 1;
	classes = {
	};
	objectVersion = 52;
	objects = {

/* Begin PBXBuildFile section */
		88834920272B629C00C74FD6 /* InstagramSwiftUIApp.swift in Sources */ = {isa = PBXBuildFile; fileRef = 8883491F272B629C00C74FD6 /* InstagramSwiftUIApp.swift */; };
		88834924272B62A200C74FD6 /* Assets.xcassets in Resources */ = {isa = PBXBuildFile; fileRef = 88834923272B62A200C74FD6 /* Assets.xcassets */; };
		88834927272B62A200C74FD6 /* Preview Assets.xcassets in Resources */ = {isa = PBXBuildFile; fileRef = 88834926272B62A200C74FD6 /* Preview Assets.xcassets */; };
		88834936272B651200C74FD6 /* ContentView.swift in Sources */ = {isa = PBXBuildFile; fileRef = 88834935272B651200C74FD6 /* ContentView.swift */; };
		88834947272B672F00C74FD6 /* MainTabView.swift in Sources */ = {isa = PBXBuildFile; fileRef = 88834946272B672F00C74FD6 /* MainTabView.swift */; };
		8883494C272B680900C74FD6 /* UploadPostView.swift in Sources */ = {isa = PBXBuildFile; fileRef = 8883494B272B680900C74FD6 /* UploadPostView.swift */; };
		88834950272B683300C74FD6 /* ProfileView.swift in Sources */ = {isa = PBXBuildFile; fileRef = 8883494F272B683300C74FD6 /* ProfileView.swift */; };
		88834952272B683D00C74FD6 /* FeedView.swift in Sources */ = {isa = PBXBuildFile; fileRef = 88834951272B683D00C74FD6 /* FeedView.swift */; };
		88834954272B685700C74FD6 /* CommentsView.swift in Sources */ = {isa = PBXBuildFile; fileRef = 88834953272B685700C74FD6 /* CommentsView.swift */; };
		88834956272B686B00C74FD6 /* SearchView.swift in Sources */ = {isa = PBXBuildFile; fileRef = 88834955272B686B00C74FD6 /* SearchView.swift */; };
		88834958272B687E00C74FD6 /* NotificationView.swift in Sources */ = {isa = PBXBuildFile; fileRef = 88834957272B687E00C74FD6 /* NotificationView.swift */; };
		8883495B272B6F6400C74FD6 /* FeedCell.swift in Sources */ = {isa = PBXBuildFile; fileRef = 8883495A272B6F6400C74FD6 /* FeedCell.swift */; };
		8883495D272CDBD100C74FD6 /* SearchBar.swift in Sources */ = {isa = PBXBuildFile; fileRef = 8883495C272CDBD000C74FD6 /* SearchBar.swift */; };
		8883495F272D155D00C74FD6 /* PostGridView.swift in Sources */ = {isa = PBXBuildFile; fileRef = 8883495E272D155D00C74FD6 /* PostGridView.swift */; };
		88834961272D188800C74FD6 /* UserCell.swift in Sources */ = {isa = PBXBuildFile; fileRef = 88834960272D188800C74FD6 /* UserCell.swift */; };
		88834963272D189100C74FD6 /* UserListView.swift in Sources */ = {isa = PBXBuildFile; fileRef = 88834962272D189100C74FD6 /* UserListView.swift */; };
		88834965272D248D00C74FD6 /* Extensions.swift in Sources */ = {isa = PBXBuildFile; fileRef = 88834964272D248D00C74FD6 /* Extensions.swift */; };
		88834967272D2B4500C74FD6 /* NotificationCell.swift in Sources */ = {isa = PBXBuildFile; fileRef = 88834966272D2B4500C74FD6 /* NotificationCell.swift */; };
		88834969272D3D3A00C74FD6 /* ProfileHeaderView.swift in Sources */ = {isa = PBXBuildFile; fileRef = 88834968272D3D3A00C74FD6 /* ProfileHeaderView.swift */; };
		8883496B272E135B00C74FD6 /* UserStatView.swift in Sources */ = {isa = PBXBuildFile; fileRef = 8883496A272E135B00C74FD6 /* UserStatView.swift */; };
		8883496D272E16F800C74FD6 /* ProfileActionButtonView.swift in Sources */ = {isa = PBXBuildFile; fileRef = 8883496C272E16F800C74FD6 /* ProfileActionButtonView.swift */; };
		8883496F272E39E800C74FD6 /* ImagePicker.swift in Sources */ = {isa = PBXBuildFile; fileRef = 8883496E272E39E800C74FD6 /* ImagePicker.swift */; };
		88834971272E9D5C00C74FD6 /* LoginView.swift in Sources */ = {isa = PBXBuildFile; fileRef = 88834970272E9D5C00C74FD6 /* LoginView.swift */; };
		88834973272E9D6E00C74FD6 /* RegistrationView.swift in Sources */ = {isa = PBXBuildFile; fileRef = 88834972272E9D6E00C74FD6 /* RegistrationView.swift */; };
		88834975272E9D9700C74FD6 /* ResetPassword.swift in Sources */ = {isa = PBXBuildFile; fileRef = 88834974272E9D9700C74FD6 /* ResetPassword.swift */; };
		88834977272ED98600C74FD6 /* CustomTextField.swift in Sources */ = {isa = PBXBuildFile; fileRef = 88834976272ED98600C74FD6 /* CustomTextField.swift */; };
		88834979272ED99700C74FD6 /* CustomSecureField.swift in Sources */ = {isa = PBXBuildFile; fileRef = 88834978272ED99700C74FD6 /* CustomSecureField.swift */; };
		88834985272FD7CD00C74FD6 /* Kingfisher in Frameworks */ = {isa = PBXBuildFile; productRef = 88834984272FD7CD00C74FD6 /* Kingfisher */; };
		88834987272FD88E00C74FD6 /* GoogleService-Info.plist in Resources */ = {isa = PBXBuildFile; fileRef = 88834986272FD88D00C74FD6 /* GoogleService-Info.plist */; };
		88834989272FDF4600C74FD6 /* AuthViewModel.swift in Sources */ = {isa = PBXBuildFile; fileRef = 88834988272FDF4500C74FD6 /* AuthViewModel.swift */; };
		8883498B27308F2200C74FD6 /* ImageUploader.swift in Sources */ = {isa = PBXBuildFile; fileRef = 8883498A27308F2200C74FD6 /* ImageUploader.swift */; };
		8883498D2730AA9900C74FD6 /* Constants.swift in Sources */ = {isa = PBXBuildFile; fileRef = 8883498C2730AA9800C74FD6 /* Constants.swift */; };
		8883498F2730ACE100C74FD6 /* User.swift in Sources */ = {isa = PBXBuildFile; fileRef = 8883498E2730ACE100C74FD6 /* User.swift */; };
		888349922730AFB800C74FD6 /* FirebaseFunctions in Frameworks */ = {isa = PBXBuildFile; productRef = 888349912730AFB800C74FD6 /* FirebaseFunctions */; };
		888349942730AFB800C74FD6 /* FirebaseFirestoreSwift-Beta in Frameworks */ = {isa = PBXBuildFile; productRef = 888349932730AFB800C74FD6 /* FirebaseFirestoreSwift-Beta */; };
		888349962730AFB800C74FD6 /* FirebaseMessaging in Frameworks */ = {isa = PBXBuildFile; productRef = 888349952730AFB800C74FD6 /* FirebaseMessaging */; };
		888349982730AFB800C74FD6 /* FirebaseAuth in Frameworks */ = {isa = PBXBuildFile; productRef = 888349972730AFB800C74FD6 /* FirebaseAuth */; };
		8883499A2730AFB800C74FD6 /* FirebaseFirestore in Frameworks */ = {isa = PBXBuildFile; productRef = 888349992730AFB800C74FD6 /* FirebaseFirestore */; };
		8883499C2730AFB800C74FD6 /* FirebaseStorage in Frameworks */ = {isa = PBXBuildFile; productRef = 8883499B2730AFB800C74FD6 /* FirebaseStorage */; };
		8883499E2730B79B00C74FD6 /* SearchViewModel.swift in Sources */ = {isa = PBXBuildFile; fileRef = 8883499D2730B79B00C74FD6 /* SearchViewModel.swift */; };
		888349A02731283900C74FD6 /* ProfileViewModel.swift in Sources */ = {isa = PBXBuildFile; fileRef = 8883499F2731283800C74FD6 /* ProfileViewModel.swift */; };
		888349A22731323C00C74FD6 /* UserService.swift in Sources */ = {isa = PBXBuildFile; fileRef = 888349A12731323C00C74FD6 /* UserService.swift */; };
		888349A42731DA8C00C74FD6 /* UploadPostViewModel.swift in Sources */ = {isa = PBXBuildFile; fileRef = 888349A32731DA8C00C74FD6 /* UploadPostViewModel.swift */; };
		888349A82731F83700C74FD6 /* TextArea.swift in Sources */ = {isa = PBXBuildFile; fileRef = 888349A72731F83700C74FD6 /* TextArea.swift */; };
/* End PBXBuildFile section */

/* Begin PBXFileReference section */
		8883491C272B629C00C74FD6 /* InstagramSwiftUI.app */ = {isa = PBXFileReference; explicitFileType = wrapper.application; includeInIndex = 0; path = InstagramSwiftUI.app; sourceTree = BUILT_PRODUCTS_DIR; };
		8883491F272B629C00C74FD6 /* InstagramSwiftUIApp.swift */ = {isa = PBXFileReference; lastKnownFileType = sourcecode.swift; path = InstagramSwiftUIApp.swift; sourceTree = "<group>"; };
		88834923272B62A200C74FD6 /* Assets.xcassets */ = {isa = PBXFileReference; lastKnownFileType = folder.assetcatalog; path = Assets.xcassets; sourceTree = "<group>"; };
		88834926272B62A200C74FD6 /* Preview Assets.xcassets */ = {isa = PBXFileReference; lastKnownFileType = folder.assetcatalog; path = "Preview Assets.xcassets"; sourceTree = "<group>"; };
		88834928272B62A200C74FD6 /* Info.plist */ = {isa = PBXFileReference; lastKnownFileType = text.plist.xml; path = Info.plist; sourceTree = "<group>"; };
		88834935272B651200C74FD6 /* ContentView.swift */ = {isa = PBXFileReference; lastKnownFileType = sourcecode.swift; path = ContentView.swift; sourceTree = "<group>"; };
		88834946272B672F00C74FD6 /* MainTabView.swift */ = {isa = PBXFileReference; lastKnownFileType = sourcecode.swift; path = MainTabView.swift; sourceTree = "<group>"; };
		8883494B272B680900C74FD6 /* UploadPostView.swift */ = {isa = PBXFileReference; lastKnownFileType = sourcecode.swift; path = UploadPostView.swift; sourceTree = "<group>"; };
		8883494F272B683300C74FD6 /* ProfileView.swift */ = {isa = PBXFileReference; lastKnownFileType = sourcecode.swift; path = ProfileView.swift; sourceTree = "<group>"; };
		88834951272B683D00C74FD6 /* FeedView.swift */ = {isa = PBXFileReference; lastKnownFileType = sourcecode.swift; name = FeedView.swift; path = InstagramSwiftUI/View/Profile/FeedView.swift; sourceTree = SOURCE_ROOT; };
		88834953272B685700C74FD6 /* CommentsView.swift */ = {isa = PBXFileReference; lastKnownFileType = sourcecode.swift; path = CommentsView.swift; sourceTree = "<group>"; };
		88834955272B686B00C74FD6 /* SearchView.swift */ = {isa = PBXFileReference; lastKnownFileType = sourcecode.swift; path = SearchView.swift; sourceTree = "<group>"; };
		88834957272B687E00C74FD6 /* NotificationView.swift */ = {isa = PBXFileReference; lastKnownFileType = sourcecode.swift; name = NotificationView.swift; path = InstagramSwiftUI/View/Search/NotificationView.swift; sourceTree = SOURCE_ROOT; };
		8883495A272B6F6400C74FD6 /* FeedCell.swift */ = {isa = PBXFileReference; lastKnownFileType = sourcecode.swift; path = FeedCell.swift; sourceTree = "<group>"; };
		8883495C272CDBD000C74FD6 /* SearchBar.swift */ = {isa = PBXFileReference; lastKnownFileType = sourcecode.swift; path = SearchBar.swift; sourceTree = "<group>"; };
		8883495E272D155D00C74FD6 /* PostGridView.swift */ = {isa = PBXFileReference; lastKnownFileType = sourcecode.swift; path = PostGridView.swift; sourceTree = "<group>"; };
		88834960272D188800C74FD6 /* UserCell.swift */ = {isa = PBXFileReference; lastKnownFileType = sourcecode.swift; path = UserCell.swift; sourceTree = "<group>"; };
		88834962272D189100C74FD6 /* UserListView.swift */ = {isa = PBXFileReference; lastKnownFileType = sourcecode.swift; path = UserListView.swift; sourceTree = "<group>"; };
		88834964272D248D00C74FD6 /* Extensions.swift */ = {isa = PBXFileReference; lastKnownFileType = sourcecode.swift; path = Extensions.swift; sourceTree = "<group>"; };
		88834966272D2B4500C74FD6 /* NotificationCell.swift */ = {isa = PBXFileReference; lastKnownFileType = sourcecode.swift; path = NotificationCell.swift; sourceTree = "<group>"; };
		88834968272D3D3A00C74FD6 /* ProfileHeaderView.swift */ = {isa = PBXFileReference; lastKnownFileType = sourcecode.swift; path = ProfileHeaderView.swift; sourceTree = "<group>"; };
		8883496A272E135B00C74FD6 /* UserStatView.swift */ = {isa = PBXFileReference; lastKnownFileType = sourcecode.swift; path = UserStatView.swift; sourceTree = "<group>"; };
		8883496C272E16F800C74FD6 /* ProfileActionButtonView.swift */ = {isa = PBXFileReference; lastKnownFileType = sourcecode.swift; path = ProfileActionButtonView.swift; sourceTree = "<group>"; };
		8883496E272E39E800C74FD6 /* ImagePicker.swift */ = {isa = PBXFileReference; lastKnownFileType = sourcecode.swift; path = ImagePicker.swift; sourceTree = "<group>"; };
		88834970272E9D5C00C74FD6 /* LoginView.swift */ = {isa = PBXFileReference; lastKnownFileType = sourcecode.swift; path = LoginView.swift; sourceTree = "<group>"; };
		88834972272E9D6E00C74FD6 /* RegistrationView.swift */ = {isa = PBXFileReference; lastKnownFileType = sourcecode.swift; path = RegistrationView.swift; sourceTree = "<group>"; };
		88834974272E9D9700C74FD6 /* ResetPassword.swift */ = {isa = PBXFileReference; lastKnownFileType = sourcecode.swift; path = ResetPassword.swift; sourceTree = "<group>"; };
		88834976272ED98600C74FD6 /* CustomTextField.swift */ = {isa = PBXFileReference; lastKnownFileType = sourcecode.swift; path = CustomTextField.swift; sourceTree = "<group>"; };
		88834978272ED99700C74FD6 /* CustomSecureField.swift */ = {isa = PBXFileReference; lastKnownFileType = sourcecode.swift; path = CustomSecureField.swift; sourceTree = "<group>"; };
		88834986272FD88D00C74FD6 /* GoogleService-Info.plist */ = {isa = PBXFileReference; fileEncoding = 4; lastKnownFileType = text.plist.xml; path = "GoogleService-Info.plist"; sourceTree = "<group>"; };
		88834988272FDF4500C74FD6 /* AuthViewModel.swift */ = {isa = PBXFileReference; lastKnownFileType = sourcecode.swift; path = AuthViewModel.swift; sourceTree = "<group>"; };
		8883498A27308F2200C74FD6 /* ImageUploader.swift */ = {isa = PBXFileReference; lastKnownFileType = sourcecode.swift; name = ImageUploader.swift; path = ../../../../ImageUploader.swift; sourceTree = "<group>"; };
		8883498C2730AA9800C74FD6 /* Constants.swift */ = {isa = PBXFileReference; lastKnownFileType = sourcecode.swift; path = Constants.swift; sourceTree = "<group>"; };
		8883498E2730ACE100C74FD6 /* User.swift */ = {isa = PBXFileReference; lastKnownFileType = sourcecode.swift; path = User.swift; sourceTree = "<group>"; };
		8883499D2730B79B00C74FD6 /* SearchViewModel.swift */ = {isa = PBXFileReference; lastKnownFileType = sourcecode.swift; path = SearchViewModel.swift; sourceTree = "<group>"; };
		8883499F2731283800C74FD6 /* ProfileViewModel.swift */ = {isa = PBXFileReference; lastKnownFileType = sourcecode.swift; path = ProfileViewModel.swift; sourceTree = "<group>"; };
		888349A12731323C00C74FD6 /* UserService.swift */ = {isa = PBXFileReference; lastKnownFileType = sourcecode.swift; name = UserService.swift; path = InstagramSwiftUI/ViewModel/Profile/UserService.swift; sourceTree = SOURCE_ROOT; };
		888349A32731DA8C00C74FD6 /* UploadPostViewModel.swift */ = {isa = PBXFileReference; lastKnownFileType = sourcecode.swift; path = UploadPostViewModel.swift; sourceTree = "<group>"; };
		888349A72731F83700C74FD6 /* TextArea.swift */ = {isa = PBXFileReference; lastKnownFileType = sourcecode.swift; path = TextArea.swift; sourceTree = "<group>"; };
/* End PBXFileReference section */

/* Begin PBXFrameworksBuildPhase section */
		88834919272B629C00C74FD6 /* Frameworks */ = {
			isa = PBXFrameworksBuildPhase;
			buildActionMask = 2147483647;
			files = (
				888349962730AFB800C74FD6 /* FirebaseMessaging in Frameworks */,
				888349982730AFB800C74FD6 /* FirebaseAuth in Frameworks */,
				888349942730AFB800C74FD6 /* FirebaseFirestoreSwift-Beta in Frameworks */,
				88834985272FD7CD00C74FD6 /* Kingfisher in Frameworks */,
				8883499C2730AFB800C74FD6 /* FirebaseStorage in Frameworks */,
				888349922730AFB800C74FD6 /* FirebaseFunctions in Frameworks */,
				8883499A2730AFB800C74FD6 /* FirebaseFirestore in Frameworks */,
			);
			runOnlyForDeploymentPostprocessing = 0;
		};
/* End PBXFrameworksBuildPhase section */

/* Begin PBXGroup section */
		88834913272B629C00C74FD6 = {
			isa = PBXGroup;
			children = (
				8883491E272B629C00C74FD6 /* InstagramSwiftUI */,
				8883491D272B629C00C74FD6 /* Products */,
			);
			sourceTree = "<group>";
		};
		8883491D272B629C00C74FD6 /* Products */ = {
			isa = PBXGroup;
			children = (
				8883491C272B629C00C74FD6 /* InstagramSwiftUI.app */,
			);
			name = Products;
			sourceTree = "<group>";
		};
		8883491E272B629C00C74FD6 /* InstagramSwiftUI */ = {
			isa = PBXGroup;
			children = (
				88834932272B640800C74FD6 /* Model */,
				88834931272B640600C74FD6 /* View */,
				8883492E272B63F100C74FD6 /* ViewModel */,
				88834938272B653900C74FD6 /* API */,
				88834937272B653800C74FD6 /* Utils */,
				8883491F272B629C00C74FD6 /* InstagramSwiftUIApp.swift */,
				88834923272B62A200C74FD6 /* Assets.xcassets */,
				88834928272B62A200C74FD6 /* Info.plist */,
				88834986272FD88D00C74FD6 /* GoogleService-Info.plist */,
				88834925272B62A200C74FD6 /* Preview Content */,
			);
			path = InstagramSwiftUI;
			sourceTree = "<group>";
		};
		88834925272B62A200C74FD6 /* Preview Content */ = {
			isa = PBXGroup;
			children = (
				88834926272B62A200C74FD6 /* Preview Assets.xcassets */,
			);
			path = "Preview Content";
			sourceTree = "<group>";
		};
		8883492E272B63F100C74FD6 /* ViewModel */ = {
			isa = PBXGroup;
			children = (
				88834944272B668900C74FD6 /* Profile */,
				88834943272B668100C74FD6 /* Authentication */,
				88834942272B667600C74FD6 /* Notification */,
				88834941272B667100C74FD6 /* Feed */,
				8883499D2730B79B00C74FD6 /* SearchViewModel.swift */,
				888349A32731DA8C00C74FD6 /* UploadPostViewModel.swift */,
			);
			path = ViewModel;
			sourceTree = "<group>";
		};
		88834931272B640600C74FD6 /* View */ = {
			isa = PBXGroup;
			children = (
				88834940272B65E700C74FD6 /* Items */,
				8883493F272B65E000C74FD6 /* Authentication */,
				8883493E272B65DF00C74FD6 /* Notification */,
				8883493D272B65DD00C74FD6 /* Search */,
				8883493C272B65DC00C74FD6 /* Comments */,
				8883493B272B65DA00C74FD6 /* Feed */,
				8883493A272B65D900C74FD6 /* Profile */,
				88834939272B65D600C74FD6 /* UploadPost */,
				88834934272B64E300C74FD6 /* Main */,
			);
			path = View;
			sourceTree = "<group>";
		};
		88834932272B640800C74FD6 /* Model */ = {
			isa = PBXGroup;
			children = (
				8883498E2730ACE100C74FD6 /* User.swift */,
			);
			path = Model;
			sourceTree = "<group>";
		};
		88834934272B64E300C74FD6 /* Main */ = {
			isa = PBXGroup;
			children = (
				88834935272B651200C74FD6 /* ContentView.swift */,
				88834946272B672F00C74FD6 /* MainTabView.swift */,
			);
			path = Main;
			sourceTree = "<group>";
		};
		88834937272B653800C74FD6 /* Utils */ = {
			isa = PBXGroup;
			children = (
				88834964272D248D00C74FD6 /* Extensions.swift */,
				8883496E272E39E800C74FD6 /* ImagePicker.swift */,
				88834976272ED98600C74FD6 /* CustomTextField.swift */,
				88834978272ED99700C74FD6 /* CustomSecureField.swift */,
				8883498C2730AA9800C74FD6 /* Constants.swift */,
				888349A72731F83700C74FD6 /* TextArea.swift */,
			);
			path = Utils;
			sourceTree = "<group>";
		};
		88834938272B653900C74FD6 /* API */ = {
			isa = PBXGroup;
			children = (
				8883498A27308F2200C74FD6 /* ImageUploader.swift */,
				888349A12731323C00C74FD6 /* UserService.swift */,
			);
			name = API;
			path = "New Group/API";
			sourceTree = "<group>";
		};
		88834939272B65D600C74FD6 /* UploadPost */ = {
			isa = PBXGroup;
			children = (
				8883494B272B680900C74FD6 /* UploadPostView.swift */,
			);
			path = UploadPost;
			sourceTree = "<group>";
		};
		8883493A272B65D900C74FD6 /* Profile */ = {
			isa = PBXGroup;
			children = (
				8883494F272B683300C74FD6 /* ProfileView.swift */,
				88834968272D3D3A00C74FD6 /* ProfileHeaderView.swift */,
				8883496A272E135B00C74FD6 /* UserStatView.swift */,
				8883496C272E16F800C74FD6 /* ProfileActionButtonView.swift */,
			);
			path = Profile;
			sourceTree = "<group>";
		};
		8883493B272B65DA00C74FD6 /* Feed */ = {
			isa = PBXGroup;
			children = (
				88834951272B683D00C74FD6 /* FeedView.swift */,
				8883495A272B6F6400C74FD6 /* FeedCell.swift */,
			);
			path = Feed;
			sourceTree = "<group>";
		};
		8883493C272B65DC00C74FD6 /* Comments */ = {
			isa = PBXGroup;
			children = (
				88834953272B685700C74FD6 /* CommentsView.swift */,
			);
			path = Comments;
			sourceTree = "<group>";
		};
		8883493D272B65DD00C74FD6 /* Search */ = {
			isa = PBXGroup;
			children = (
				88834955272B686B00C74FD6 /* SearchView.swift */,
				8883495C272CDBD000C74FD6 /* SearchBar.swift */,
			);
			path = Search;
			sourceTree = "<group>";
		};
		8883493E272B65DF00C74FD6 /* Notification */ = {
			isa = PBXGroup;
			children = (
				88834957272B687E00C74FD6 /* NotificationView.swift */,
				88834966272D2B4500C74FD6 /* NotificationCell.swift */,
			);
			path = Notification;
			sourceTree = "<group>";
		};
		8883493F272B65E000C74FD6 /* Authentication */ = {
			isa = PBXGroup;
			children = (
				88834970272E9D5C00C74FD6 /* LoginView.swift */,
				88834972272E9D6E00C74FD6 /* RegistrationView.swift */,
				88834974272E9D9700C74FD6 /* ResetPassword.swift */,
			);
			path = Authentication;
			sourceTree = "<group>";
		};
		88834940272B65E700C74FD6 /* Items */ = {
			isa = PBXGroup;
			children = (
				8883495E272D155D00C74FD6 /* PostGridView.swift */,
				88834960272D188800C74FD6 /* UserCell.swift */,
				88834962272D189100C74FD6 /* UserListView.swift */,
			);
			path = Items;
			sourceTree = "<group>";
		};
		88834941272B667100C74FD6 /* Feed */ = {
			isa = PBXGroup;
			children = (
			);
			path = Feed;
			sourceTree = "<group>";
		};
		88834942272B667600C74FD6 /* Notification */ = {
			isa = PBXGroup;
			children = (
			);
			path = Notification;
			sourceTree = "<group>";
		};
		88834943272B668100C74FD6 /* Authentication */ = {
			isa = PBXGroup;
			children = (
				88834988272FDF4500C74FD6 /* AuthViewModel.swift */,
			);
			path = Authentication;
			sourceTree = "<group>";
		};
		88834944272B668900C74FD6 /* Profile */ = {
			isa = PBXGroup;
			children = (
				8883499F2731283800C74FD6 /* ProfileViewModel.swift */,
			);
			path = Profile;
			sourceTree = "<group>";
		};
/* End PBXGroup section */

/* Begin PBXNativeTarget section */
		8883491B272B629C00C74FD6 /* InstagramSwiftUI */ = {
			isa = PBXNativeTarget;
			buildConfigurationList = 8883492B272B62A200C74FD6 /* Build configuration list for PBXNativeTarget "InstagramSwiftUI" */;
			buildPhases = (
				88834918272B629C00C74FD6 /* Sources */,
				88834919272B629C00C74FD6 /* Frameworks */,
				8883491A272B629C00C74FD6 /* Resources */,
			);
			buildRules = (
			);
			dependencies = (
			);
			name = InstagramSwiftUI;
			packageProductDependencies = (
				88834984272FD7CD00C74FD6 /* Kingfisher */,
				888349912730AFB800C74FD6 /* FirebaseFunctions */,
				888349932730AFB800C74FD6 /* FirebaseFirestoreSwift-Beta */,
				888349952730AFB800C74FD6 /* FirebaseMessaging */,
				888349972730AFB800C74FD6 /* FirebaseAuth */,
				888349992730AFB800C74FD6 /* FirebaseFirestore */,
				8883499B2730AFB800C74FD6 /* FirebaseStorage */,
			);
			productName = InstagramSwiftUI;
			productReference = 8883491C272B629C00C74FD6 /* InstagramSwiftUI.app */;
			productType = "com.apple.product-type.application";
		};
/* End PBXNativeTarget section */

/* Begin PBXProject section */
		88834914272B629C00C74FD6 /* Project object */ = {
			isa = PBXProject;
			attributes = {
				LastSwiftUpdateCheck = 1250;
				LastUpgradeCheck = 1250;
				TargetAttributes = {
					8883491B272B629C00C74FD6 = {
						CreatedOnToolsVersion = 12.5.1;
					};
				};
			};
			buildConfigurationList = 88834917272B629C00C74FD6 /* Build configuration list for PBXProject "InstagramSwiftUI" */;
			compatibilityVersion = "Xcode 9.3";
			developmentRegion = en;
			hasScannedForEncodings = 0;
			knownRegions = (
				en,
				Base,
			);
			mainGroup = 88834913272B629C00C74FD6;
			packageReferences = (
				88834983272FD7CC00C74FD6 /* XCRemoteSwiftPackageReference "Kingfisher" */,
				888349902730AFB800C74FD6 /* XCRemoteSwiftPackageReference "firebase-ios-sdk" */,
			);
			productRefGroup = 8883491D272B629C00C74FD6 /* Products */;
			projectDirPath = "";
			projectRoot = "";
			targets = (
				8883491B272B629C00C74FD6 /* InstagramSwiftUI */,
			);
		};
/* End PBXProject section */

/* Begin PBXResourcesBuildPhase section */
		8883491A272B629C00C74FD6 /* Resources */ = {
			isa = PBXResourcesBuildPhase;
			buildActionMask = 2147483647;
			files = (
				88834927272B62A200C74FD6 /* Preview Assets.xcassets in Resources */,
				88834924272B62A200C74FD6 /* Assets.xcassets in Resources */,
				88834987272FD88E00C74FD6 /* GoogleService-Info.plist in Resources */,
			);
			runOnlyForDeploymentPostprocessing = 0;
		};
/* End PBXResourcesBuildPhase section */

/* Begin PBXSourcesBuildPhase section */
		88834918272B629C00C74FD6 /* Sources */ = {
			isa = PBXSourcesBuildPhase;
			buildActionMask = 2147483647;
			files = (
				88834936272B651200C74FD6 /* ContentView.swift in Sources */,
				88834961272D188800C74FD6 /* UserCell.swift in Sources */,
				888349A42731DA8C00C74FD6 /* UploadPostViewModel.swift in Sources */,
				8883495B272B6F6400C74FD6 /* FeedCell.swift in Sources */,
				8883494C272B680900C74FD6 /* UploadPostView.swift in Sources */,
				88834969272D3D3A00C74FD6 /* ProfileHeaderView.swift in Sources */,
				88834950272B683300C74FD6 /* ProfileView.swift in Sources */,
				8883499E2730B79B00C74FD6 /* SearchViewModel.swift in Sources */,
				88834920272B629C00C74FD6 /* InstagramSwiftUIApp.swift in Sources */,
				88834956272B686B00C74FD6 /* SearchView.swift in Sources */,
				8883498F2730ACE100C74FD6 /* User.swift in Sources */,
				88834952272B683D00C74FD6 /* FeedView.swift in Sources */,
				88834967272D2B4500C74FD6 /* NotificationCell.swift in Sources */,
				888349A02731283900C74FD6 /* ProfileViewModel.swift in Sources */,
				88834947272B672F00C74FD6 /* MainTabView.swift in Sources */,
				8883498D2730AA9900C74FD6 /* Constants.swift in Sources */,
				88834975272E9D9700C74FD6 /* ResetPassword.swift in Sources */,
				88834973272E9D6E00C74FD6 /* RegistrationView.swift in Sources */,
				8883496D272E16F800C74FD6 /* ProfileActionButtonView.swift in Sources */,
				8883496B272E135B00C74FD6 /* UserStatView.swift in Sources */,
				8883495F272D155D00C74FD6 /* PostGridView.swift in Sources */,
				88834965272D248D00C74FD6 /* Extensions.swift in Sources */,
				88834971272E9D5C00C74FD6 /* LoginView.swift in Sources */,
				88834954272B685700C74FD6 /* CommentsView.swift in Sources */,
				8883495D272CDBD100C74FD6 /* SearchBar.swift in Sources */,
				88834977272ED98600C74FD6 /* CustomTextField.swift in Sources */,
				8883496F272E39E800C74FD6 /* ImagePicker.swift in Sources */,
				888349A82731F83700C74FD6 /* TextArea.swift in Sources */,
				88834979272ED99700C74FD6 /* CustomSecureField.swift in Sources */,
				8883498B27308F2200C74FD6 /* ImageUploader.swift in Sources */,
				888349A22731323C00C74FD6 /* UserService.swift in Sources */,
				88834963272D189100C74FD6 /* UserListView.swift in Sources */,
				88834989272FDF4600C74FD6 /* AuthViewModel.swift in Sources */,
				88834958272B687E00C74FD6 /* NotificationView.swift in Sources */,
			);
			runOnlyForDeploymentPostprocessing = 0;
		};
/* End PBXSourcesBuildPhase section */

/* Begin XCBuildConfiguration section */
		88834929272B62A200C74FD6 /* Debug */ = {
			isa = XCBuildConfiguration;
			buildSettings = {
				ALWAYS_SEARCH_USER_PATHS = NO;
				CLANG_ANALYZER_NONNULL = YES;
				CLANG_ANALYZER_NUMBER_OBJECT_CONVERSION = YES_AGGRESSIVE;
				CLANG_CXX_LANGUAGE_STANDARD = "gnu++14";
				CLANG_CXX_LIBRARY = "libc++";
				CLANG_ENABLE_MODULES = YES;
				CLANG_ENABLE_OBJC_ARC = YES;
				CLANG_ENABLE_OBJC_WEAK = YES;
				CLANG_WARN_BLOCK_CAPTURE_AUTORELEASING = YES;
				CLANG_WARN_BOOL_CONVERSION = YES;
				CLANG_WARN_COMMA = YES;
				CLANG_WARN_CONSTANT_CONVERSION = YES;
				CLANG_WARN_DEPRECATED_OBJC_IMPLEMENTATIONS = YES;
				CLANG_WARN_DIRECT_OBJC_ISA_USAGE = YES_ERROR;
				CLANG_WARN_DOCUMENTATION_COMMENTS = YES;
				CLANG_WARN_EMPTY_BODY = YES;
				CLANG_WARN_ENUM_CONVERSION = YES;
				CLANG_WARN_INFINITE_RECURSION = YES;
				CLANG_WARN_INT_CONVERSION = YES;
				CLANG_WARN_NON_LITERAL_NULL_CONVERSION = YES;
				CLANG_WARN_OBJC_IMPLICIT_RETAIN_SELF = YES;
				CLANG_WARN_OBJC_LITERAL_CONVERSION = YES;
				CLANG_WARN_OBJC_ROOT_CLASS = YES_ERROR;
				CLANG_WARN_QUOTED_INCLUDE_IN_FRAMEWORK_HEADER = YES;
				CLANG_WARN_RANGE_LOOP_ANALYSIS = YES;
				CLANG_WARN_STRICT_PROTOTYPES = YES;
				CLANG_WARN_SUSPICIOUS_MOVE = YES;
				CLANG_WARN_UNGUARDED_AVAILABILITY = YES_AGGRESSIVE;
				CLANG_WARN_UNREACHABLE_CODE = YES;
				CLANG_WARN__DUPLICATE_METHOD_MATCH = YES;
				COPY_PHASE_STRIP = NO;
				DEBUG_INFORMATION_FORMAT = dwarf;
				ENABLE_STRICT_OBJC_MSGSEND = YES;
				ENABLE_TESTABILITY = YES;
				GCC_C_LANGUAGE_STANDARD = gnu11;
				GCC_DYNAMIC_NO_PIC = NO;
				GCC_NO_COMMON_BLOCKS = YES;
				GCC_OPTIMIZATION_LEVEL = 0;
				GCC_PREPROCESSOR_DEFINITIONS = (
					"DEBUG=1",
					"$(inherited)",
				);
				GCC_WARN_64_TO_32_BIT_CONVERSION = YES;
				GCC_WARN_ABOUT_RETURN_TYPE = YES_ERROR;
				GCC_WARN_UNDECLARED_SELECTOR = YES;
				GCC_WARN_UNINITIALIZED_AUTOS = YES_AGGRESSIVE;
				GCC_WARN_UNUSED_FUNCTION = YES;
				GCC_WARN_UNUSED_VARIABLE = YES;
				IPHONEOS_DEPLOYMENT_TARGET = 14.5;
				MTL_ENABLE_DEBUG_INFO = INCLUDE_SOURCE;
				MTL_FAST_MATH = YES;
				ONLY_ACTIVE_ARCH = YES;
				SDKROOT = iphoneos;
				SWIFT_ACTIVE_COMPILATION_CONDITIONS = DEBUG;
				SWIFT_OPTIMIZATION_LEVEL = "-Onone";
			};
			name = Debug;
		};
		8883492A272B62A200C74FD6 /* Release */ = {
			isa = XCBuildConfiguration;
			buildSettings = {
				ALWAYS_SEARCH_USER_PATHS = NO;
				CLANG_ANALYZER_NONNULL = YES;
				CLANG_ANALYZER_NUMBER_OBJECT_CONVERSION = YES_AGGRESSIVE;
				CLANG_CXX_LANGUAGE_STANDARD = "gnu++14";
				CLANG_CXX_LIBRARY = "libc++";
				CLANG_ENABLE_MODULES = YES;
				CLANG_ENABLE_OBJC_ARC = YES;
				CLANG_ENABLE_OBJC_WEAK = YES;
				CLANG_WARN_BLOCK_CAPTURE_AUTORELEASING = YES;
				CLANG_WARN_BOOL_CONVERSION = YES;
				CLANG_WARN_COMMA = YES;
				CLANG_WARN_CONSTANT_CONVERSION = YES;
				CLANG_WARN_DEPRECATED_OBJC_IMPLEMENTATIONS = YES;
				CLANG_WARN_DIRECT_OBJC_ISA_USAGE = YES_ERROR;
				CLANG_WARN_DOCUMENTATION_COMMENTS = YES;
				CLANG_WARN_EMPTY_BODY = YES;
				CLANG_WARN_ENUM_CONVERSION = YES;
				CLANG_WARN_INFINITE_RECURSION = YES;
				CLANG_WARN_INT_CONVERSION = YES;
				CLANG_WARN_NON_LITERAL_NULL_CONVERSION = YES;
				CLANG_WARN_OBJC_IMPLICIT_RETAIN_SELF = YES;
				CLANG_WARN_OBJC_LITERAL_CONVERSION = YES;
				CLANG_WARN_OBJC_ROOT_CLASS = YES_ERROR;
				CLANG_WARN_QUOTED_INCLUDE_IN_FRAMEWORK_HEADER = YES;
				CLANG_WARN_RANGE_LOOP_ANALYSIS = YES;
				CLANG_WARN_STRICT_PROTOTYPES = YES;
				CLANG_WARN_SUSPICIOUS_MOVE = YES;
				CLANG_WARN_UNGUARDED_AVAILABILITY = YES_AGGRESSIVE;
				CLANG_WARN_UNREACHABLE_CODE = YES;
				CLANG_WARN__DUPLICATE_METHOD_MATCH = YES;
				COPY_PHASE_STRIP = NO;
				DEBUG_INFORMATION_FORMAT = "dwarf-with-dsym";
				ENABLE_NS_ASSERTIONS = NO;
				ENABLE_STRICT_OBJC_MSGSEND = YES;
				GCC_C_LANGUAGE_STANDARD = gnu11;
				GCC_NO_COMMON_BLOCKS = YES;
				GCC_WARN_64_TO_32_BIT_CONVERSION = YES;
				GCC_WARN_ABOUT_RETURN_TYPE = YES_ERROR;
				GCC_WARN_UNDECLARED_SELECTOR = YES;
				GCC_WARN_UNINITIALIZED_AUTOS = YES_AGGRESSIVE;
				GCC_WARN_UNUSED_FUNCTION = YES;
				GCC_WARN_UNUSED_VARIABLE = YES;
				IPHONEOS_DEPLOYMENT_TARGET = 14.5;
				MTL_ENABLE_DEBUG_INFO = NO;
				MTL_FAST_MATH = YES;
				SDKROOT = iphoneos;
				SWIFT_COMPILATION_MODE = wholemodule;
				SWIFT_OPTIMIZATION_LEVEL = "-O";
				VALIDATE_PRODUCT = YES;
			};
			name = Release;
		};
		8883492C272B62A200C74FD6 /* Debug */ = {
			isa = XCBuildConfiguration;
			buildSettings = {
				ASSETCATALOG_COMPILER_APPICON_NAME = AppIcon;
				ASSETCATALOG_COMPILER_GLOBAL_ACCENT_COLOR_NAME = AccentColor;
				CODE_SIGN_STYLE = Automatic;
				DEVELOPMENT_ASSET_PATHS = "\"InstagramSwiftUI/Preview Content\"";
				ENABLE_PREVIEWS = YES;
				INFOPLIST_FILE = InstagramSwiftUI/Info.plist;
				IPHONEOS_DEPLOYMENT_TARGET = 14.0;
				LD_RUNPATH_SEARCH_PATHS = (
					"$(inherited)",
					"@executable_path/Frameworks",
				);
				PRODUCT_BUNDLE_IDENTIFIER = com.Kody.InstagramSwiftUI;
				PRODUCT_NAME = "$(TARGET_NAME)";
				SWIFT_VERSION = 5.0;
				TARGETED_DEVICE_FAMILY = "1,2";
			};
			name = Debug;
		};
		8883492D272B62A200C74FD6 /* Release */ = {
			isa = XCBuildConfiguration;
			buildSettings = {
				ASSETCATALOG_COMPILER_APPICON_NAME = AppIcon;
				ASSETCATALOG_COMPILER_GLOBAL_ACCENT_COLOR_NAME = AccentColor;
				CODE_SIGN_STYLE = Automatic;
				DEVELOPMENT_ASSET_PATHS = "\"InstagramSwiftUI/Preview Content\"";
				ENABLE_PREVIEWS = YES;
				INFOPLIST_FILE = InstagramSwiftUI/Info.plist;
				IPHONEOS_DEPLOYMENT_TARGET = 14.0;
				LD_RUNPATH_SEARCH_PATHS = (
					"$(inherited)",
					"@executable_path/Frameworks",
				);
				PRODUCT_BUNDLE_IDENTIFIER = com.Kody.InstagramSwiftUI;
				PRODUCT_NAME = "$(TARGET_NAME)";
				SWIFT_VERSION = 5.0;
				TARGETED_DEVICE_FAMILY = "1,2";
			};
			name = Release;
		};
/* End XCBuildConfiguration section */

/* Begin XCConfigurationList section */
		88834917272B629C00C74FD6 /* Build configuration list for PBXProject "InstagramSwiftUI" */ = {
			isa = XCConfigurationList;
			buildConfigurations = (
				88834929272B62A200C74FD6 /* Debug */,
				8883492A272B62A200C74FD6 /* Release */,
			);
			defaultConfigurationIsVisible = 0;
			defaultConfigurationName = Release;
		};
		8883492B272B62A200C74FD6 /* Build configuration list for PBXNativeTarget "InstagramSwiftUI" */ = {
			isa = XCConfigurationList;
			buildConfigurations = (
				8883492C272B62A200C74FD6 /* Debug */,
				8883492D272B62A200C74FD6 /* Release */,
			);
			defaultConfigurationIsVisible = 0;
			defaultConfigurationName = Release;
		};
/* End XCConfigurationList section */

/* Begin XCRemoteSwiftPackageReference section */
		88834983272FD7CC00C74FD6 /* XCRemoteSwiftPackageReference "Kingfisher" */ = {
			isa = XCRemoteSwiftPackageReference;
			repositoryURL = "https://github.com/onevcat/Kingfisher.git";
			requirement = {
				kind = upToNextMajorVersion;
				minimumVersion = 7.1.1;
			};
		};
		888349902730AFB800C74FD6 /* XCRemoteSwiftPackageReference "firebase-ios-sdk" */ = {
			isa = XCRemoteSwiftPackageReference;
			repositoryURL = "https://github.com/firebase/firebase-ios-sdk.git";
			requirement = {
				kind = upToNextMajorVersion;
				minimumVersion = 8.9.0;
			};
		};
/* End XCRemoteSwiftPackageReference section */

/* Begin XCSwiftPackageProductDependency section */
		88834984272FD7CD00C74FD6 /* Kingfisher */ = {
			isa = XCSwiftPackageProductDependency;
			package = 88834983272FD7CC00C74FD6 /* XCRemoteSwiftPackageReference "Kingfisher" */;
			productName = Kingfisher;
		};
		888349912730AFB800C74FD6 /* FirebaseFunctions */ = {
			isa = XCSwiftPackageProductDependency;
			package = 888349902730AFB800C74FD6 /* XCRemoteSwiftPackageReference "firebase-ios-sdk" */;
			productName = FirebaseFunctions;
		};
		888349932730AFB800C74FD6 /* FirebaseFirestoreSwift-Beta */ = {
			isa = XCSwiftPackageProductDependency;
			package = 888349902730AFB800C74FD6 /* XCRemoteSwiftPackageReference "firebase-ios-sdk" */;
			productName = "FirebaseFirestoreSwift-Beta";
		};
		888349952730AFB800C74FD6 /* FirebaseMessaging */ = {
			isa = XCSwiftPackageProductDependency;
			package = 888349902730AFB800C74FD6 /* XCRemoteSwiftPackageReference "firebase-ios-sdk" */;
			productName = FirebaseMessaging;
		};
		888349972730AFB800C74FD6 /* FirebaseAuth */ = {
			isa = XCSwiftPackageProductDependency;
			package = 888349902730AFB800C74FD6 /* XCRemoteSwiftPackageReference "firebase-ios-sdk" */;
			productName = FirebaseAuth;
		};
		888349992730AFB800C74FD6 /* FirebaseFirestore */ = {
			isa = XCSwiftPackageProductDependency;
			package = 888349902730AFB800C74FD6 /* XCRemoteSwiftPackageReference "firebase-ios-sdk" */;
			productName = FirebaseFirestore;
		};
		8883499B2730AFB800C74FD6 /* FirebaseStorage */ = {
			isa = XCSwiftPackageProductDependency;
			package = 888349902730AFB800C74FD6 /* XCRemoteSwiftPackageReference "firebase-ios-sdk" */;
			productName = FirebaseStorage;
		};
/* End XCSwiftPackageProductDependency section */
	};
	rootObject = 88834914272B629C00C74FD6 /* Project object */;
}
